
Microsoft Visual Studio Solution File, Format Version 12.00
# Visual Studio 14
VisualStudioVersion = 14.0.23107.0
MinimumVisualStudioVersion = 10.0.40219.1
Project("{FAE04EC0-301F-11D3-BF4B-00C04F79EFBC}") = "Stools", "Stools\Stools.csproj", "{28E12D2E-794F-469D-ABFE-3834ED28560D}"
EndProject
Project("{FAE04EC0-301F-11D3-BF4B-00C04F79EFBC}") = "NFibonachiWithMatrix", "NFibonachiWithMatrix\NFibonachiWithMatrix.csproj", "{717820DB-1482-4E92-955B-0667916C47D1}"
EndProject
Global
	GlobalSection(SolutionConfigurationPlatforms) = preSolution
		Debug|Any CPU = Debug|Any CPU
		Release|Any CPU = Release|Any CPU
	EndGlobalSection
	GlobalSection(ProjectConfigurationPlatforms) = postSolution
		{28E12D2E-794F-469D-ABFE-3834ED28560D}.Debug|Any CPU.ActiveCfg = Debug|Any CPU
		{28E12D2E-794F-469D-ABFE-3834ED28560D}.Debug|Any CPU.Build.0 = Debug|Any CPU
		{28E12D2E-794F-469D-ABFE-3834ED28560D}.Release|Any CPU.ActiveCfg = Release|Any CPU
		{28E12D2E-794F-469D-ABFE-3834ED28560D}.Release|Any CPU.Build.0 = Release|Any CPU
		{717820DB-1482-4E92-955B-0667916C47D1}.Debug|Any CPU.ActiveCfg = Debug|Any CPU
		{717820DB-1482-4E92-955B-0667916C47D1}.Debug|Any CPU.Build.0 = Debug|Any CPU
		{717820DB-1482-4E92-955B-0667916C47D1}.Release|Any CPU.ActiveCfg = Release|Any CPU
		{717820DB-1482-4E92-955B-0667916C47D1}.Release|Any CPU.Build.0 = Release|Any CPU
	EndGlobalSection
	GlobalSection(SolutionProperties) = preSolution
		HideSolutionNode = FALSE
	EndGlobalSection
EndGlobal
